
Microsoft Visual Studio Solution File, Format Version 12.00
Project("{FAE04EC0-301F-11D3-BF4B-00C04F79EFBC}") = "Cpp2IL.Plugin.BetterAssemblyOutput", "Cpp2IL.Plugin.BetterAssemblyOutput\Cpp2IL.Plugin.BetterAssemblyOutput.csproj", "{8DDC663E-E24F-4953-B0D9-97E2B381BD62}"
EndProject
Global
	GlobalSection(SolutionConfigurationPlatforms) = preSolution
		Debug|Any CPU = Debug|Any CPU
		Release|Any CPU = Release|Any CPU
	EndGlobalSection
	GlobalSection(ProjectConfigurationPlatforms) = postSolution
		{8DDC663E-E24F-4953-B0D9-97E2B381BD62}.Debug|Any CPU.ActiveCfg = Debug|Any CPU
		{8DDC663E-E24F-4953-B0D9-97E2B381BD62}.Debug|Any CPU.Build.0 = Debug|Any CPU
		{8DDC663E-E24F-4953-B0D9-97E2B381BD62}.Release|Any CPU.ActiveCfg = Release|Any CPU
		{8DDC663E-E24F-4953-B0D9-97E2B381BD62}.Release|Any CPU.Build.0 = Release|Any CPU
	EndGlobalSection
EndGlobal
